// !$*UTF8*$!
{
	archiveVersion = 1;
	classes = {
	};
	objectVersion = 50;
	objects = {

/* Begin PBXBuildFile section */
		D4183F8525C8E4BC00EB97BF /* AppDelegate.swift in Sources */ = {isa = PBXBuildFile; fileRef = D4183F8425C8E4BC00EB97BF /* AppDelegate.swift */; };
		D4183F8725C8E4BC00EB97BF /* SceneDelegate.swift in Sources */ = {isa = PBXBuildFile; fileRef = D4183F8625C8E4BC00EB97BF /* SceneDelegate.swift */; };
		D4183F8925C8E4BC00EB97BF /* ViewController.swift in Sources */ = {isa = PBXBuildFile; fileRef = D4183F8825C8E4BC00EB97BF /* ViewController.swift */; };
		D4183F8C25C8E4BC00EB97BF /* Main.storyboard in Resources */ = {isa = PBXBuildFile; fileRef = D4183F8A25C8E4BC00EB97BF /* Main.storyboard */; };
		D4183F8E25C8E4C500EB97BF /* Assets.xcassets in Resources */ = {isa = PBXBuildFile; fileRef = D4183F8D25C8E4C500EB97BF /* Assets.xcassets */; };
		D4183F9125C8E4C500EB97BF /* LaunchScreen.storyboard in Resources */ = {isa = PBXBuildFile; fileRef = D4183F8F25C8E4C500EB97BF /* LaunchScreen.storyboard */; };
		D4183F9A25C8E99C00EB97BF /* Signo.swift in Sources */ = {isa = PBXBuildFile; fileRef = D4183F9925C8E99C00EB97BF /* Signo.swift */; };
/* End PBXBuildFile section */

/* Begin PBXFileReference section */
		D4183F8125C8E4BC00EB97BF /* Signos.app */ = {isa = PBXFileReference; explicitFileType = wrapper.application; includeInIndex = 0; path = Signos.app; sourceTree = BUILT_PRODUCTS_DIR; };
		D4183F8425C8E4BC00EB97BF /* AppDelegate.swift */ = {isa = PBXFileReference; lastKnownFileType = sourcecode.swift; path = AppDelegate.swift; sourceTree = "<group>"; };
		D4183F8625C8E4BC00EB97BF /* SceneDelegate.swift */ = {isa = PBXFileReference; lastKnownFileType = sourcecode.swift; path = SceneDelegate.swift; sourceTree = "<group>"; };
		D4183F8825C8E4BC00EB97BF /* ViewController.swift */ = {isa = PBXFileReference; lastKnownFileType = sourcecode.swift; path = ViewController.swift; sourceTree = "<group>"; };
		D4183F8B25C8E4BC00EB97BF /* Base */ = {isa = PBXFileReference; lastKnownFileType = file.storyboard; name = Base; path = Base.lproj/Main.storyboard; sourceTree = "<group>"; };
		D4183F8D25C8E4C500EB97BF /* Assets.xcassets */ = {isa = PBXFileReference; lastKnownFileType = folder.assetcatalog; path = Assets.xcassets; sourceTree = "<group>"; };
		D4183F9025C8E4C500EB97BF /* Base */ = {isa = PBXFileReference; lastKnownFileType = file.storyboard; name = Base; path = Base.lproj/LaunchScreen.storyboard; sourceTree = "<group>"; };
		D4183F9225C8E4C500EB97BF /* Info.plist */ = {isa = PBXFileReference; lastKnownFileType = text.plist.xml; path = Info.plist; sourceTree = "<group>"; };
		D4183F9925C8E99C00EB97BF /* Signo.swift */ = {isa = PBXFileReference; lastKnownFileType = sourcecode.swift; path = Signo.swift; sourceTree = "<group>"; };
/* End PBXFileReference section */

/* Begin PBXFrameworksBuildPhase section */
		D4183F7E25C8E4BC00EB97BF /* Frameworks */ = {
			isa = PBXFrameworksBuildPhase;
			buildActionMask = 2147483647;
			files = (
			);
			runOnlyForDeploymentPostprocessing = 0;
		};
/* End PBXFrameworksBuildPhase section */

/* Begin PBXGroup section */
		D4183F7825C8E4BC00EB97BF = {
			isa = PBXGroup;
			children = (
				D4183F8325C8E4BC00EB97BF /* Signos */,
				D4183F8225C8E4BC00EB97BF /* Products */,
			);
			sourceTree = "<group>";
		};
		D4183F8225C8E4BC00EB97BF /* Products */ = {
			isa = PBXGroup;
			children = (
				D4183F8125C8E4BC00EB97BF /* Signos.app */,
			);
			name = Products;
			sourceTree = "<group>";
		};
		D4183F8325C8E4BC00EB97BF /* Signos */ = {
			isa = PBXGroup;
			children = (
				D4183F8425C8E4BC00EB97BF /* AppDelegate.swift */,
				D4183F8625C8E4BC00EB97BF /* SceneDelegate.swift */,
				D4183F8825C8E4BC00EB97BF /* ViewController.swift */,
				D4183F8A25C8E4BC00EB97BF /* Main.storyboard */,
				D4183F8D25C8E4C500EB97BF /* Assets.xcassets */,
				D4183F8F25C8E4C500EB97BF /* LaunchScreen.storyboard */,
				D4183F9225C8E4C500EB97BF /* Info.plist */,
				D4183F9925C8E99C00EB97BF /* Signo.swift */,
			);
			path = Signos;
			sourceTree = "<group>";
		};
/* End PBXGroup section */

/* Begin PBXNativeTarget section */
		D4183F8025C8E4BC00EB97BF /* Signos */ = {
			isa = PBXNativeTarget;
			buildConfigurationList = D4183F9525C8E4C500EB97BF /* Build configuration list for PBXNativeTarget "Signos" */;
			buildPhases = (
				D4183F7D25C8E4BC00EB97BF /* Sources */,
				D4183F7E25C8E4BC00EB97BF /* Frameworks */,
				D4183F7F25C8E4BC00EB97BF /* Resources */,
			);
			buildRules = (
			);
			dependencies = (
			);
			name = Signos;
			productName = Signos;
			productReference = D4183F8125C8E4BC00EB97BF /* Signos.app */;
			productType = "com.apple.product-type.application";
		};
/* End PBXNativeTarget section */

/* Begin PBXProject section */
		D4183F7925C8E4BC00EB97BF /* Project object */ = {
			isa = PBXProject;
			attributes = {
				LastSwiftUpdateCheck = 1230;
				LastUpgradeCheck = 1230;
				TargetAttributes = {
					D4183F8025C8E4BC00EB97BF = {
						CreatedOnToolsVersion = 12.3;
					};
				};
			};
			buildConfigurationList = D4183F7C25C8E4BC00EB97BF /* Build configuration list for PBXProject "Signos" */;
			compatibilityVersion = "Xcode 9.3";
			developmentRegion = en;
			hasScannedForEncodings = 0;
			knownRegions = (
				en,
				Base,
			);
			mainGroup = D4183F7825C8E4BC00EB97BF;
			productRefGroup = D4183F8225C8E4BC00EB97BF /* Products */;
			projectDirPath = "";
			projectRoot = "";
			targets = (
				D4183F8025C8E4BC00EB97BF /* Signos */,
			);
		};
/* End PBXProject section */

/* Begin PBXResourcesBuildPhase section */
		D4183F7F25C8E4BC00EB97BF /* Resources */ = {
			isa = PBXResourcesBuildPhase;
			buildActionMask = 2147483647;
			files = (
				D4183F9125C8E4C500EB97BF /* LaunchScreen.storyboard in Resources */,
				D4183F8E25C8E4C500EB97BF /* Assets.xcassets in Resources */,
				D4183F8C25C8E4BC00EB97BF /* Main.storyboard in Resources */,
			);
			runOnlyForDeploymentPostprocessing = 0;
		};
/* End PBXResourcesBuildPhase section */

/* Begin PBXSourcesBuildPhase section */
		D4183F7D25C8E4BC00EB97BF /* Sources */ = {
			isa = PBXSourcesBuildPhase;
			buildActionMask = 2147483647;
			files = (
				D4183F8925C8E4BC00EB97BF /* ViewController.swift in Sources */,
				D4183F8525C8E4BC00EB97BF /* AppDelegate.swift in Sources */,
				D4183F9A25C8E99C00EB97BF /* Signo.swift in Sources */,
				D4183F8725C8E4BC00EB97BF /* SceneDelegate.swift in Sources */,
			);
			runOnlyForDeploymentPostprocessing = 0;
		};
/* End PBXSourcesBuildPhase section */

/* Begin PBXVariantGroup section */
		D4183F8A25C8E4BC00EB97BF /* Main.storyboard */ = {
			isa = PBXVariantGroup;
			children = (
				D4183F8B25C8E4BC00EB97BF /* Base */,
			);
			name = Main.storyboard;
			sourceTree = "<group>";
		};
		D4183F8F25C8E4C500EB97BF /* LaunchScreen.storyboard */ = {
			isa = PBXVariantGroup;
			children = (
				D4183F9025C8E4C500EB97BF /* Base */,
			);
			name = LaunchScreen.storyboard;
			sourceTree = "<group>";
		};
/* End PBXVariantGroup section */

/* Begin XCBuildConfiguration section */
		D4183F9325C8E4C500EB97BF /* Debug */ = {
			isa = XCBuildConfiguration;
			buildSettings = {
				ALWAYS_SEARCH_USER_PATHS = NO;
				CLANG_ANALYZER_NONNULL = YES;
				CLANG_ANALYZER_NUMBER_OBJECT_CONVERSION = YES_AGGRESSIVE;
				CLANG_CXX_LANGUAGE_STANDARD = "gnu++14";
				CLANG_CXX_LIBRARY = "libc++";
				CLANG_ENABLE_MODULES = YES;
				CLANG_ENABLE_OBJC_ARC = YES;
				CLANG_ENABLE_OBJC_WEAK = YES;
				CLANG_WARN_BLOCK_CAPTURE_AUTORELEASING = YES;
				CLANG_WARN_BOOL_CONVERSION = YES;
				CLANG_WARN_COMMA = YES;
				CLANG_WARN_CONSTANT_CONVERSION = YES;
				CLANG_WARN_DEPRECATED_OBJC_IMPLEMENTATIONS = YES;
				CLANG_WARN_DIRECT_OBJC_ISA_USAGE = YES_ERROR;
				CLANG_WARN_DOCUMENTATION_COMMENTS = YES;
				CLANG_WARN_EMPTY_BODY = YES;
				CLANG_WARN_ENUM_CONVERSION = YES;
				CLANG_WARN_INFINITE_RECURSION = YES;
				CLANG_WARN_INT_CONVERSION = YES;
				CLANG_WARN_NON_LITERAL_NULL_CONVERSION = YES;
				CLANG_WARN_OBJC_IMPLICIT_RETAIN_SELF = YES;
				CLANG_WARN_OBJC_LITERAL_CONVERSION = YES;
				CLANG_WARN_OBJC_ROOT_CLASS = YES_ERROR;
				CLANG_WARN_QUOTED_INCLUDE_IN_FRAMEWORK_HEADER = YES;
				CLANG_WARN_RANGE_LOOP_ANALYSIS = YES;
				CLANG_WARN_STRICT_PROTOTYPES = YES;
				CLANG_WARN_SUSPICIOUS_MOVE = YES;
				CLANG_WARN_UNGUARDED_AVAILABILITY = YES_AGGRESSIVE;
				CLANG_WARN_UNREACHABLE_CODE = YES;
				CLANG_WARN__DUPLICATE_METHOD_MATCH = YES;
				COPY_PHASE_STRIP = NO;
				DEBUG_INFORMATION_FORMAT = dwarf;
				ENABLE_STRICT_OBJC_MSGSEND = YES;
				ENABLE_TESTABILITY = YES;
				GCC_C_LANGUAGE_STANDARD = gnu11;
				GCC_DYNAMIC_NO_PIC = NO;
				GCC_NO_COMMON_BLOCKS = YES;
				GCC_OPTIMIZATION_LEVEL = 0;
				GCC_PREPROCESSOR_DEFINITIONS = (
					"DEBUG=1",
					"$(inherited)",
				);
				GCC_WARN_64_TO_32_BIT_CONVERSION = YES;
				GCC_WARN_ABOUT_RETURN_TYPE = YES_ERROR;
				GCC_WARN_UNDECLARED_SELECTOR = YES;
				GCC_WARN_UNINITIALIZED_AUTOS = YES_AGGRESSIVE;
				GCC_WARN_UNUSED_FUNCTION = YES;
				GCC_WARN_UNUSED_VARIABLE = YES;
				IPHONEOS_DEPLOYMENT_TARGET = 14.3;
				MTL_ENABLE_DEBUG_INFO = INCLUDE_SOURCE;
				MTL_FAST_MATH = YES;
				ONLY_ACTIVE_ARCH = YES;
				SDKROOT = iphoneos;
				SWIFT_ACTIVE_COMPILATION_CONDITIONS = DEBUG;
				SWIFT_OPTIMIZATION_LEVEL = "-Onone";
			};
			name = Debug;
		};
		D4183F9425C8E4C500EB97BF /* Release */ = {
			isa = XCBuildConfiguration;
			buildSettings = {
				ALWAYS_SEARCH_USER_PATHS = NO;
				CLANG_ANALYZER_NONNULL = YES;
				CLANG_ANALYZER_NUMBER_OBJECT_CONVERSION = YES_AGGRESSIVE;
				CLANG_CXX_LANGUAGE_STANDARD = "gnu++14";
				CLANG_CXX_LIBRARY = "libc++";
				CLANG_ENABLE_MODULES = YES;
				CLANG_ENABLE_OBJC_ARC = YES;
				CLANG_ENABLE_OBJC_WEAK = YES;
				CLANG_WARN_BLOCK_CAPTURE_AUTORELEASING = YES;
				CLANG_WARN_BOOL_CONVERSION = YES;
				CLANG_WARN_COMMA = YES;
				CLANG_WARN_CONSTANT_CONVERSION = YES;
				CLANG_WARN_DEPRECATED_OBJC_IMPLEMENTATIONS = YES;
				CLANG_WARN_DIRECT_OBJC_ISA_USAGE = YES_ERROR;
				CLANG_WARN_DOCUMENTATION_COMMENTS = YES;
				CLANG_WARN_EMPTY_BODY = YES;
				CLANG_WARN_ENUM_CONVERSION = YES;
				CLANG_WARN_INFINITE_RECURSION = YES;
				CLANG_WARN_INT_CONVERSION = YES;
				CLANG_WARN_NON_LITERAL_NULL_CONVERSION = YES;
				CLANG_WARN_OBJC_IMPLICIT_RETAIN_SELF = YES;
				CLANG_WARN_OBJC_LITERAL_CONVERSION = YES;
				CLANG_WARN_OBJC_ROOT_CLASS = YES_ERROR;
				CLANG_WARN_QUOTED_INCLUDE_IN_FRAMEWORK_HEADER = YES;
				CLANG_WARN_RANGE_LOOP_ANALYSIS = YES;
				CLANG_WARN_STRICT_PROTOTYPES = YES;
				CLANG_WARN_SUSPICIOUS_MOVE = YES;
				CLANG_WARN_UNGUARDED_AVAILABILITY = YES_AGGRESSIVE;
				CLANG_WARN_UNREACHABLE_CODE = YES;
				CLANG_WARN__DUPLICATE_METHOD_MATCH = YES;
				COPY_PHASE_STRIP = NO;
				DEBUG_INFORMATION_FORMAT = "dwarf-with-dsym";
				ENABLE_NS_ASSERTIONS = NO;
				ENABLE_STRICT_OBJC_MSGSEND = YES;
				GCC_C_LANGUAGE_STANDARD = gnu11;
				GCC_NO_COMMON_BLOCKS = YES;
				GCC_WARN_64_TO_32_BIT_CONVERSION = YES;
				GCC_WARN_ABOUT_RETURN_TYPE = YES_ERROR;
				GCC_WARN_UNDECLARED_SELECTOR = YES;
				GCC_WARN_UNINITIALIZED_AUTOS = YES_AGGRESSIVE;
				GCC_WARN_UNUSED_FUNCTION = YES;
				GCC_WARN_UNUSED_VARIABLE = YES;
				IPHONEOS_DEPLOYMENT_TARGET = 14.3;
				MTL_ENABLE_DEBUG_INFO = NO;
				MTL_FAST_MATH = YES;
				SDKROOT = iphoneos;
				SWIFT_COMPILATION_MODE = wholemodule;
				SWIFT_OPTIMIZATION_LEVEL = "-O";
				VALIDATE_PRODUCT = YES;
			};
			name = Release;
		};
		D4183F9625C8E4C500EB97BF /* Debug */ = {
			isa = XCBuildConfiguration;
			buildSettings = {
				ASSETCATALOG_COMPILER_APPICON_NAME = AppIcon;
				ASSETCATALOG_COMPILER_GLOBAL_ACCENT_COLOR_NAME = AccentColor;
				CODE_SIGN_STYLE = Automatic;
				INFOPLIST_FILE = Signos/Info.plist;
				LD_RUNPATH_SEARCH_PATHS = (
					"$(inherited)",
					"@executable_path/Frameworks",
				);
				PRODUCT_BUNDLE_IDENTIFIER = "Curso-IOS.Signos";
				PRODUCT_NAME = "$(TARGET_NAME)";
				SWIFT_VERSION = 5.0;
				TARGETED_DEVICE_FAMILY = "1,2";
			};
			name = Debug;
		};
		D4183F9725C8E4C500EB97BF /* Release */ = {
			isa = XCBuildConfiguration;
			buildSettings = {
				ASSETCATALOG_COMPILER_APPICON_NAME = AppIcon;
				ASSETCATALOG_COMPILER_GLOBAL_ACCENT_COLOR_NAME = AccentColor;
				CODE_SIGN_STYLE = Automatic;
				INFOPLIST_FILE = Signos/Info.plist;
				LD_RUNPATH_SEARCH_PATHS = (
					"$(inherited)",
					"@executable_path/Frameworks",
				);
				PRODUCT_BUNDLE_IDENTIFIER = "Curso-IOS.Signos";
				PRODUCT_NAME = "$(TARGET_NAME)";
				SWIFT_VERSION = 5.0;
				TARGETED_DEVICE_FAMILY = "1,2";
			};
			name = Release;
		};
/* End XCBuildConfiguration section */

/* Begin XCConfigurationList section */
		D4183F7C25C8E4BC00EB97BF /* Build configuration list for PBXProject "Signos" */ = {
			isa = XCConfigurationList;
			buildConfigurations = (
				D4183F9325C8E4C500EB97BF /* Debug */,
				D4183F9425C8E4C500EB97BF /* Release */,
			);
			defaultConfigurationIsVisible = 0;
			defaultConfigurationName = Release;
		};
		D4183F9525C8E4C500EB97BF /* Build configuration list for PBXNativeTarget "Signos" */ = {
			isa = XCConfigurationList;
			buildConfigurations = (
				D4183F9625C8E4C500EB97BF /* Debug */,
				D4183F9725C8E4C500EB97BF /* Release */,
			);
			defaultConfigurationIsVisible = 0;
			defaultConfigurationName = Release;
		};
/* End XCConfigurationList section */
	};
	rootObject = D4183F7925C8E4BC00EB97BF /* Project object */;
}
